
Microsoft Visual Studio Solution File, Format Version 12.00
# Visual Studio Version 16
VisualStudioVersion = 16.0.32228.343
MinimumVisualStudioVersion = 10.0.40219.1
Project("{FAE04EC0-301F-11D3-BF4B-00C04F79EFBC}") = "module5itog", "module5itog\module5itog.csproj", "{B64D0437-2BBC-4156-BF54-B8CEB449C05D}"
EndProject
Global
	GlobalSection(SolutionConfigurationPlatforms) = preSolution
		Debug|Any CPU = Debug|Any CPU
		Release|Any CPU = Release|Any CPU
	EndGlobalSection
	GlobalSection(ProjectConfigurationPlatforms) = postSolution
		{B64D0437-2BBC-4156-BF54-B8CEB449C05D}.Debug|Any CPU.ActiveCfg = Debug|Any CPU
		{B64D0437-2BBC-4156-BF54-B8CEB449C05D}.Debug|Any CPU.Build.0 = Debug|Any CPU
		{B64D0437-2BBC-4156-BF54-B8CEB449C05D}.Release|Any CPU.ActiveCfg = Release|Any CPU
		{B64D0437-2BBC-4156-BF54-B8CEB449C05D}.Release|Any CPU.Build.0 = Release|Any CPU
	EndGlobalSection
	GlobalSection(SolutionProperties) = preSolution
		HideSolutionNode = FALSE
	EndGlobalSection
	GlobalSection(ExtensibilityGlobals) = postSolution
		SolutionGuid = {097425C9-02A8-4A3F-B150-7C1F55D7B355}
	EndGlobalSection
EndGlobal
